
Microsoft Visual Studio Solution File, Format Version 12.00
# Visual Studio 2012
Project("{FAE04EC0-301F-11D3-BF4B-00C04F79EFBC}") = "Cake.SimpleHTTPServer", "Cake.SimpleHTTPServer\Cake.SimpleHTTPServer.csproj", "{EEB4BBB7-DD95-4665-B7B6-4260AAF6B160}"
EndProject
Project("{FAE04EC0-301F-11D3-BF4B-00C04F79EFBC}") = "Cake.SimpleHTTPServer.Tests", "Cake.SimpleHTTPServer.Tests\Cake.SimpleHTTPServer.Tests.csproj", "{6BE3C34C-6EBD-4EAE-8CF4-E777E7AB5B71}"
EndProject
Project("{FAE04EC0-301F-11D3-BF4B-00C04F79EFBC}") = "Cake.SimpleHTTPServer.Console", "Cake.SimpleHTTPServer.Console\Cake.SimpleHTTPServer.Console.csproj", "{ACA0B766-3464-44C9-BCE8-AC67370FCEF5}"
EndProject
Global
	GlobalSection(SolutionConfigurationPlatforms) = preSolution
		Debug|Any CPU = Debug|Any CPU
		Release|Any CPU = Release|Any CPU
	EndGlobalSection
	GlobalSection(ProjectConfigurationPlatforms) = postSolution
		{EEB4BBB7-DD95-4665-B7B6-4260AAF6B160}.Debug|Any CPU.ActiveCfg = Debug|Any CPU
		{EEB4BBB7-DD95-4665-B7B6-4260AAF6B160}.Debug|Any CPU.Build.0 = Debug|Any CPU
		{EEB4BBB7-DD95-4665-B7B6-4260AAF6B160}.Release|Any CPU.ActiveCfg = Release|Any CPU
		{EEB4BBB7-DD95-4665-B7B6-4260AAF6B160}.Release|Any CPU.Build.0 = Release|Any CPU
		{6BE3C34C-6EBD-4EAE-8CF4-E777E7AB5B71}.Debug|Any CPU.ActiveCfg = Debug|Any CPU
		{6BE3C34C-6EBD-4EAE-8CF4-E777E7AB5B71}.Debug|Any CPU.Build.0 = Debug|Any CPU
		{6BE3C34C-6EBD-4EAE-8CF4-E777E7AB5B71}.Release|Any CPU.ActiveCfg = Release|Any CPU
		{6BE3C34C-6EBD-4EAE-8CF4-E777E7AB5B71}.Release|Any CPU.Build.0 = Release|Any CPU
		{ACA0B766-3464-44C9-BCE8-AC67370FCEF5}.Debug|Any CPU.ActiveCfg = Debug|Any CPU
		{ACA0B766-3464-44C9-BCE8-AC67370FCEF5}.Debug|Any CPU.Build.0 = Debug|Any CPU
		{ACA0B766-3464-44C9-BCE8-AC67370FCEF5}.Release|Any CPU.ActiveCfg = Release|Any CPU
		{ACA0B766-3464-44C9-BCE8-AC67370FCEF5}.Release|Any CPU.Build.0 = Release|Any CPU
	EndGlobalSection
EndGlobal
